
Microsoft Visual Studio Solution File, Format Version 12.00
Project("{2150E333-8FDC-42A3-9474-1A3956D46DE8}") = "SpaFrontend", "SpaFrontend", "{440A8BEF-344E-43C9-9078-E25317708B4A}"
EndProject
Project("{2150E333-8FDC-42A3-9474-1A3956D46DE8}") = "Pkb", "Pkb", "{8C1915BB-90DA-4367-9621-0A5CB3AC0F15}"
EndProject
Project("{2150E333-8FDC-42A3-9474-1A3956D46DE8}") = "QueryProcessor", "QueryProcessor", "{04EA456D-F461-411D-B114-B3DC2F95A0EF}"
EndProject
Project("{FAE04EC0-301F-11D3-BF4B-00C04F79EFBC}") = "Parsobober.Shared", "src\Parsobober.Shared\Parsobober.Shared.csproj", "{DC4D45C5-EECB-4C21-878D-8DBDB031A84D}"
EndProject
Project("{FAE04EC0-301F-11D3-BF4B-00C04F79EFBC}") = "Parsobober.CLI", "src\Parsobober.CLI\Parsobober.CLI.csproj", "{57C00A5A-A6E0-408D-BB7F-52305C1B8137}"
EndProject
Project("{FAE04EC0-301F-11D3-BF4B-00C04F79EFBC}") = "Parsobober.Simple.Lexer", "src\SpaFronted\Parsobober.Simple.Lexer\Parsobober.Simple.Lexer.csproj", "{D57C2D07-EA23-413A-85DF-B6E1786DF56B}"
EndProject
Project("{FAE04EC0-301F-11D3-BF4B-00C04F79EFBC}") = "Parsobober.Simple.Parser", "src\SpaFronted\Parsobober.Simple.Parser\Parsobober.Simple.Parser.csproj", "{28D828E9-C169-47E5-BF57-E4B7E1AF2C57}"
EndProject
Global
	GlobalSection(SolutionConfigurationPlatforms) = preSolution
		Debug|Any CPU = Debug|Any CPU
		Release|Any CPU = Release|Any CPU
	EndGlobalSection
	GlobalSection(ProjectConfigurationPlatforms) = postSolution
		{DC4D45C5-EECB-4C21-878D-8DBDB031A84D}.Debug|Any CPU.ActiveCfg = Debug|Any CPU
		{DC4D45C5-EECB-4C21-878D-8DBDB031A84D}.Debug|Any CPU.Build.0 = Debug|Any CPU
		{DC4D45C5-EECB-4C21-878D-8DBDB031A84D}.Release|Any CPU.ActiveCfg = Release|Any CPU
		{DC4D45C5-EECB-4C21-878D-8DBDB031A84D}.Release|Any CPU.Build.0 = Release|Any CPU
		{57C00A5A-A6E0-408D-BB7F-52305C1B8137}.Debug|Any CPU.ActiveCfg = Debug|Any CPU
		{57C00A5A-A6E0-408D-BB7F-52305C1B8137}.Debug|Any CPU.Build.0 = Debug|Any CPU
		{57C00A5A-A6E0-408D-BB7F-52305C1B8137}.Release|Any CPU.ActiveCfg = Release|Any CPU
		{57C00A5A-A6E0-408D-BB7F-52305C1B8137}.Release|Any CPU.Build.0 = Release|Any CPU
		{D57C2D07-EA23-413A-85DF-B6E1786DF56B}.Debug|Any CPU.ActiveCfg = Debug|Any CPU
		{D57C2D07-EA23-413A-85DF-B6E1786DF56B}.Debug|Any CPU.Build.0 = Debug|Any CPU
		{D57C2D07-EA23-413A-85DF-B6E1786DF56B}.Release|Any CPU.ActiveCfg = Release|Any CPU
		{D57C2D07-EA23-413A-85DF-B6E1786DF56B}.Release|Any CPU.Build.0 = Release|Any CPU
		{28D828E9-C169-47E5-BF57-E4B7E1AF2C57}.Debug|Any CPU.ActiveCfg = Debug|Any CPU
		{28D828E9-C169-47E5-BF57-E4B7E1AF2C57}.Debug|Any CPU.Build.0 = Debug|Any CPU
		{28D828E9-C169-47E5-BF57-E4B7E1AF2C57}.Release|Any CPU.ActiveCfg = Release|Any CPU
		{28D828E9-C169-47E5-BF57-E4B7E1AF2C57}.Release|Any CPU.Build.0 = Release|Any CPU
	EndGlobalSection
	GlobalSection(NestedProjects) = preSolution
		{D57C2D07-EA23-413A-85DF-B6E1786DF56B} = {440A8BEF-344E-43C9-9078-E25317708B4A}
		{28D828E9-C169-47E5-BF57-E4B7E1AF2C57} = {440A8BEF-344E-43C9-9078-E25317708B4A}
	EndGlobalSection
EndGlobal
